{
  "lockfileVersion": 1,
  "configVersion": 1,
  "workspaces": {
    "": {
      "name": "pcb-noise-two-line-demo",
      "dependencies": {
        "@resvg/resvg-js": "2.6.2",
        "@tscircuit/core": "https://pkg.pr.new/@tscircuit/core@e4edc8b689ecb6a0aa6f5495be1e83d245fdc463",
        "@tscircuit/props": "https://pkg.pr.new/@tscircuit/props@9f7a3088217ce32edcfe5f4c19b3163bff08e395",
        "circuit-json": "https://pkg.pr.new/circuit-json@6c41978a11b31fa91dafa57b613d505b65c2b1f8",
        "circuit-to-svg": "https://pkg.pr.new/circuit-to-svg@62c2d7573d8478ba5b3f14da144e94bfb9432390",
        "react": "19.1.0",
        "simulate-pcb-noise": "https://pkg.pr.new/tscircuit/simulate-pcb-noise@1c6b322fb548b78116fb60e19d887ad7399774f7",
      },
      "devDependencies": {
        "@types/bun": "1.3.14",
        "@types/react": "19.1.8",
        "typescript": "5.9.3",
      },
    },
  },
  "overrides": {
    "@tscircuit/props": "https://pkg.pr.new/@tscircuit/props@9f7a3088217ce32edcfe5f4c19b3163bff08e395",
    "circuit-json": "https://pkg.pr.new/circuit-json@6c41978a11b31fa91dafa57b613d505b65c2b1f8",
  },
  "packages": {
    "@babel/runtime": ["@babel/runtime@7.29.10", "", {}, "sha512-NpugTzbKgGrNe45Ui32cN8vCFFMxVtP/9rtfwv0nP5FRDAjvYBxJcLVpYA9mr1jxP6cnIT7x9LUzuDTbWYYNRA=="],

    "@flatten-js/core": ["@flatten-js/core@1.6.14", "", { "dependencies": { "@flatten-js/interval-tree": "^2.0.0" } }, "sha512-9Aa7Y+tTDtTGjL2mH5dYAGeY43CISj0w1DxQ0MPxgWnwVuIJV6jzRlTNHGSeJEnleMngldwdZORarOMcszqpLg=="],

    "@flatten-js/interval-tree": ["@flatten-js/interval-tree@2.0.3", "", { "dependencies": { "tslib": "^2.8.1" } }, "sha512-Lv3eaITqU20WD+5W8L7JeJdjDXC9hfTUEzY0cRLx/sXj1+P3XdK6Fig4UdxvsekakTK8XeOwnpAKEpTI728U4g=="],

    "@lume/kiwi": ["@lume/kiwi@0.4.4", "", {}, "sha512-ie0YTKgiZqD4TXlJ4eUbfi4UEoKs6YlLRYNTfPm5eUXwfudTBmPRs7Qcxz2SWKDpVTwThv3sWG6zwtyAA0nPpw=="],

    "@react-hook/latest": ["@react-hook/latest@1.0.3", "", { "peerDependencies": { "react": ">=16.8" } }, "sha512-dy6duzl+JnAZcDbNTfmaP3xHiKtbXYOaz3G51MGVljh548Y8MWzTr+PHLOfvpypEVW9zwvl+VyKjbWKEVbV1Rg=="],

    "@react-hook/passive-layout-effect": ["@react-hook/passive-layout-effect@1.2.1", "", { "peerDependencies": { "react": ">=16.8" } }, "sha512-IwEphTD75liO8g+6taS+4oqz+nnroocNfWVHWz7j+N+ZO2vYrc6PV1q7GQhuahL0IOR7JccFTsFKQ/mb6iZWAg=="],

    "@react-hook/resize-observer": ["@react-hook/resize-observer@2.0.2", "", { "dependencies": { "@react-hook/latest": "^1.0.2", "@react-hook/passive-layout-effect": "^1.2.0" }, "peerDependencies": { "react": ">=18" } }, "sha512-tzKKzxNpfE5TWmxuv+5Ae3IF58n0FQgQaWJmcbYkjXTRZATXxClnTprQ2uuYygYTpu1pqbBskpwMpj6jpT1djA=="],

    "@remix-run/router": ["@remix-run/router@1.23.4", "", {}, "sha512-q7j5geK7xs3UJSdm9/iytUNclBnLmYx1EnSeCFXHPeutdqgIMeFeHtUZgS3EhlKxdBEAu8OwtJCwmLrEzpSs7Q=="],

    "@resvg/resvg-js": ["@resvg/resvg-js@2.6.2", "", { "optionalDependencies": { "@resvg/resvg-js-android-arm-eabi": "2.6.2", "@resvg/resvg-js-android-arm64": "2.6.2", "@resvg/resvg-js-darwin-arm64": "2.6.2", "@resvg/resvg-js-darwin-x64": "2.6.2", "@resvg/resvg-js-linux-arm-gnueabihf": "2.6.2", "@resvg/resvg-js-linux-arm64-gnu": "2.6.2", "@resvg/resvg-js-linux-arm64-musl": "2.6.2", "@resvg/resvg-js-linux-x64-gnu": "2.6.2", "@resvg/resvg-js-linux-x64-musl": "2.6.2", "@resvg/resvg-js-win32-arm64-msvc": "2.6.2", "@resvg/resvg-js-win32-ia32-msvc": "2.6.2", "@resvg/resvg-js-win32-x64-msvc": "2.6.2" } }, "sha512-xBaJish5OeGmniDj9cW5PRa/PtmuVU3ziqrbr5xJj901ZDN4TosrVaNZpEiLZAxdfnhAe7uQ7QFWfjPe9d9K2Q=="],

    "@resvg/resvg-js-android-arm-eabi": ["@resvg/resvg-js-android-arm-eabi@2.6.2", "", { "os": "android", "cpu": "arm" }, "sha512-FrJibrAk6v29eabIPgcTUMPXiEz8ssrAk7TXxsiZzww9UTQ1Z5KAbFJs+Z0Ez+VZTYgnE5IQJqBcoSiMebtPHA=="],

    "@resvg/resvg-js-android-arm64": ["@resvg/resvg-js-android-arm64@2.6.2", "", { "os": "android", "cpu": "arm64" }, "sha512-VcOKezEhm2VqzXpcIJoITuvUS/fcjIw5NA/w3tjzWyzmvoCdd+QXIqy3FBGulWdClvp4g+IfUemigrkLThSjAQ=="],

    "@resvg/resvg-js-darwin-arm64": ["@resvg/resvg-js-darwin-arm64@2.6.2", "", { "os": "darwin", "cpu": "arm64" }, "sha512-nmok2LnAd6nLUKI16aEB9ydMC6Lidiiq2m1nEBDR1LaaP7FGs4AJ90qDraxX+CWlVuRlvNjyYJTNv8qFjtL9+A=="],

    "@resvg/resvg-js-darwin-x64": ["@resvg/resvg-js-darwin-x64@2.6.2", "", { "os": "darwin", "cpu": "x64" }, "sha512-GInyZLjgWDfsVT6+SHxQVRwNzV0AuA1uqGsOAW+0th56J7Nh6bHHKXHBWzUrihxMetcFDmQMAX1tZ1fZDYSRsw=="],

    "@resvg/resvg-js-linux-arm-gnueabihf": ["@resvg/resvg-js-linux-arm-gnueabihf@2.6.2", "", { "os": "linux", "cpu": "arm" }, "sha512-YIV3u/R9zJbpqTTNwTZM5/ocWetDKGsro0SWp70eGEM9eV2MerWyBRZnQIgzU3YBnSBQ1RcxRZvY/UxwESfZIw=="],

    "@resvg/resvg-js-linux-arm64-gnu": ["@resvg/resvg-js-linux-arm64-gnu@2.6.2", "", { "os": "linux", "cpu": "arm64" }, "sha512-zc2BlJSim7YR4FZDQ8OUoJg5holYzdiYMeobb9pJuGDidGL9KZUv7SbiD4E8oZogtYY42UZEap7dqkkYuA91pg=="],

    "@resvg/resvg-js-linux-arm64-musl": ["@resvg/resvg-js-linux-arm64-musl@2.6.2", "", { "os": "linux", "cpu": "arm64" }, "sha512-3h3dLPWNgSsD4lQBJPb4f+kvdOSJHa5PjTYVsWHxLUzH4IFTJUAnmuWpw4KqyQ3NA5QCyhw4TWgxk3jRkQxEKg=="],

    "@resvg/resvg-js-linux-x64-gnu": ["@resvg/resvg-js-linux-x64-gnu@2.6.2", "", { "os": "linux", "cpu": "x64" }, "sha512-IVUe+ckIerA7xMZ50duAZzwf1U7khQe2E0QpUxu5MBJNao5RqC0zwV/Zm965vw6D3gGFUl7j4m+oJjubBVoftw=="],

    "@resvg/resvg-js-linux-x64-musl": ["@resvg/resvg-js-linux-x64-musl@2.6.2", "", { "os": "linux", "cpu": "x64" }, "sha512-UOf83vqTzoYQO9SZ0fPl2ZIFtNIz/Rr/y+7X8XRX1ZnBYsQ/tTb+cj9TE+KHOdmlTFBxhYzVkP2lRByCzqi4jQ=="],

    "@resvg/resvg-js-win32-arm64-msvc": ["@resvg/resvg-js-win32-arm64-msvc@2.6.2", "", { "os": "win32", "cpu": "arm64" }, "sha512-7C/RSgCa+7vqZ7qAbItfiaAWhyRSoD4l4BQAbVDqRRsRgY+S+hgS3in0Rxr7IorKUpGE69X48q6/nOAuTJQxeQ=="],

    "@resvg/resvg-js-win32-ia32-msvc": ["@resvg/resvg-js-win32-ia32-msvc@2.6.2", "", { "os": "win32", "cpu": "ia32" }, "sha512-har4aPAlvjnLcil40AC77YDIk6loMawuJwFINEM7n0pZviwMkMvjb2W5ZirsNOZY4aDbo5tLx0wNMREp5Brk+w=="],

    "@resvg/resvg-js-win32-x64-msvc": ["@resvg/resvg-js-win32-x64-msvc@2.6.2", "", { "os": "win32", "cpu": "x64" }, "sha512-ZXtYhtUr5SSaBrUDq7DiyjOFJqBVL/dOBN7N/qmi/pO0IgiWW/f/ue3nbvu9joWE5aAKDoIzy/CxsY0suwGosQ=="],

    "@thednp/dommatrix": ["@thednp/dommatrix@3.1.2", "", {}, "sha512-wxRH2/Qdqd+JxFpjb5vw+ZMaij8Hqa/9Hgl41n2Jb+3WNRhdemrosK0FxEo/yEvhvHGW8D1tZ3oPH9N0m1QG+A=="],

    "@tscircuit/alphabet": ["@tscircuit/alphabet@0.0.25", "", { "peerDependencies": { "typescript": "^5.0.0" } }, "sha512-PWLjptI6AlLEtF/wjN1N8uC+n3G7vtg0j3xKE1fgWHDhahtnlQRqHDrtPSLlkIR9aJjRfjplzLuaUEaCRvJmZA=="],

    "@tscircuit/cableprinter": ["@tscircuit/cableprinter@0.0.6", "", { "dependencies": { "zod": "^3.25.76" } }, "sha512-zF8n02gMfwM+0oo1OkRsQMSErPKslzyMSvko2qpp5GJ0zi4+PsNwYDAMKZ2608vFs88WfDrol2eQr1AirUTCbw=="],

    "@tscircuit/capacity-autorouter": ["@tscircuit/capacity-autorouter@0.0.963", "", { "dependencies": { "@tscircuit/pcb-trace-linter": "github:tscircuit/pcb-trace-linter#4c035f9d40ffb03ba547a08975b5e64b20371123", "fast-json-stable-stringify": "^2.1.0", "object-hash": "^3.0.0", "stack-svgs": "^0.0.1" } }, "sha512-x+78WswbrKr8UFs+BFGu3h3v3R+siQLiiYtr9sm/ozt1hI9BsHXgO0ATinyOpSCT8fPgR/iwFAPvtge4F1fDxw=="],

    "@tscircuit/checks": ["@tscircuit/checks@0.0.244", "", { "dependencies": { "flatbush": "^4.6.2" }, "peerDependencies": { "@flatten-js/core": "*", "@tscircuit/circuit-json-util": "*", "@tscircuit/math-utils": "*", "circuit-json": "*", "circuit-json-to-connectivity-map": "*", "typescript": "^5.5.3" } }, "sha512-Cnj3qUxyapu7z1iBt+BR6YlJUQ0vyiMfhcBwWhlmxdmBATEMGRuCeqyQldz7uThe3Kls7UHdV234gESwDEF0FA=="],

    "@tscircuit/circuit-json-util": ["@tscircuit/circuit-json-util@0.0.120", "", { "dependencies": { "@flatten-js/core": "^1.6.14", "parsel-js": "^1.1.2" }, "peerDependencies": { "circuit-json": "*", "transformation-matrix": "*", "zod": "3" } }, "sha512-nmfjmWmQnPd4IW9vsyQzkzEs2jPQeN6toETkK7x5O9BxePmkzIz0+sWJkhO1D8iFJplREeFWKnFaEz5MD/4fPg=="],

    "@tscircuit/copper-pour-solver": ["@tscircuit/copper-pour-solver@0.0.59", "", { "dependencies": { "@tscircuit/manifold-2d": "^0.0.6" }, "peerDependencies": { "typescript": "^5" } }, "sha512-4ue1tEwz5RkvWWhlwtwe/j1CbsHuv7gsrhxQZ+OveBbZTpSx6cSZNqw7+HOmfvL/A628w8ymIz16ZU1rPBBFMQ=="],

    "@tscircuit/core": ["@tscircuit/core@https://pkg.pr.new/@tscircuit/core@e4edc8b689ecb6a0aa6f5495be1e83d245fdc463", { "dependencies": { "@flatten-js/core": "^1.6.2", "@lume/kiwi": "^0.4.3", "calculate-cell-boundaries": "^0.0.25", "calculate-packing": "^0.0.90", "css-select": "5.1.0", "format-si-unit": "^0.0.12", "gl-matrix": "^3.4.4", "jscad-fiber": "^0.0.88", "jscad-planner": "^0.0.18", "nanoid": "^5.0.7", "performance-now": "^2.1.0", "react-reconciler": "^0.32.0", "svg-path-commander": "^2.1.11", "transformation-matrix": "^2.16.1", "zod": "^3.25.67" }, "peerDependencies": { "@tscircuit/cableprinter": "*", "@tscircuit/capacity-autorouter": "*", "@tscircuit/checks": "*", "@tscircuit/circuit-json-util": "*", "@tscircuit/create-fdm-enclosure": "*", "@tscircuit/footprinter": "*", "@tscircuit/infgrid-ijump-astar": "*", "@tscircuit/matchpack": "*", "@tscircuit/math-utils": "*", "@tscircuit/modelprinter": "*", "@tscircuit/props": "*", "@tscircuit/schematic-match-adapt": "*", "bpc-graph": "*", "circuit-json": "*", "circuit-json-to-bpc": "*", "circuit-json-to-connectivity-map": "*", "circuit-json-to-spice": "*", "schematic-symbols": "*", "spicets": "*", "typescript": "^5.0.0" } }, "sha512-Zpwl/ae/pEIJLKKQKc7ylFCoXB2bx+nhotTEPZnfjURVbO1peD/LwD6L1CYl3T1mfHZPbeyWXTqaN1Iu87rjpg=="],

    "@tscircuit/create-fdm-enclosure": ["@tscircuit/create-fdm-enclosure@0.0.7", "", { "dependencies": { "@tscircuit/solver-utils": "^0.0.19", "format-si-unit": "^0.0.12", "graphics-debug": "^0.0.99", "jscad-planner": "^0.0.14" }, "peerDependencies": { "typescript": "^5" } }, "sha512-e8NkreGCBmHACoDgI1FGFC1UVkt9UEMVTLQhJUxqp9dIA0MvLrXgaMrpMPU1FyNLkOHDy95Y75CSY+k4ffFmKQ=="],

    "@tscircuit/footprinter": ["@tscircuit/footprinter@0.0.431", "", { "dependencies": { "@tscircuit/mm": "^0.0.8", "zod": "^3.23.8" }, "peerDependencies": { "circuit-json": "*" } }, "sha512-iau9CFsAsCeFb1QOhX8MyqqIJjFSqSPxiPFMjanStlPrs+Ri+PxvdL0gXRTGM1xKLFarh0yQJbi9haDDHJgTEg=="],

    "@tscircuit/image-utils": ["@tscircuit/image-utils@0.0.10", "", { "dependencies": { "@flatten-js/core": "^1.6.2", "color-diff": "^1.4.0", "fast-png": "^8.0.0", "svg-path-commander": "^2.1.11", "transformation-matrix": "^2.16.1" } }, "sha512-2ivIRhGTnMy7a0q6fm2bk/f6cv6ZVwnF7fav+ceXPkTJYOSnzijFVtN696veyCXuiU1/Ck1QiosvWwcgeBPstw=="],

    "@tscircuit/infer-cable-insertion-point": ["@tscircuit/infer-cable-insertion-point@0.0.4", "", { "peerDependencies": { "typescript": "^5" } }, "sha512-vM/dDLywEv2FZkXYA2j3WlaJHki7w56GoVEJ5W8uef7Y3iICaWEFW04krLfMJnvHn/bnfRJCrKdHebYdVG2TsA=="],

    "@tscircuit/infgrid-ijump-astar": ["@tscircuit/infgrid-ijump-astar@0.0.35", "", {}, "sha512-PZx3GyD7mDNEhLJn8+7n8NjrieOvrX03g7Gx1cvwXv9mmgSC4M+yTA0WC4DgOvcRdTnarf0R8xvwtDeJ4tMK9Q=="],

    "@tscircuit/manifold-2d": ["@tscircuit/manifold-2d@0.0.6", "", {}, "sha512-kYny1hDwPHOwRfMQtbfLh0nvCQ7nM91kkHy7pnj1UrqM6rcgDymZVCZB7ib5Cx1aZFIs8xCCF7lA51tq+giDcw=="],

    "@tscircuit/matchpack": ["@tscircuit/matchpack@0.0.100", "", { "peerDependencies": { "typescript": "^5" } }, "sha512-7GDdlXwcdhPZ5Ipk9hWEqI0zTL8/XnxLdqmzFepjRJN5h1shFdJzQv5Cm6Xq48zd9rsCXHPrrGp8L0gtDaZ7/A=="],

    "@tscircuit/math-utils": ["@tscircuit/math-utils@0.0.38", "", { "peerDependencies": { "typescript": "^5.0.0" } }, "sha512-bY1PMCKuSCASixsjvKkAFz2nxN+CNwpwTVi555whfvwuidqGnstMGzanjGOI7NaiZwgvENiQ0gcnBerkDvuQ4w=="],

    "@tscircuit/miniflex": ["@tscircuit/miniflex@0.0.4", "", { "peerDependencies": { "typescript": "^5" } }, "sha512-+Bf/FVAFQfe/foHJXlFPbCjIpi7krjwlrvKgqdQX/J5PnS8xgZW4whe31xqRyN83oWE4zeBV3l2WG2cx3bOvGg=="],

    "@tscircuit/mm": ["@tscircuit/mm@0.0.8", "", { "peerDependencies": { "typescript": "^5.0.0" } }, "sha512-nl7nxE7AhARbKuobflI0LUzoir7+wJyvwfPw6bzA/O0Q3YTcH3vBkU/Of+V/fp6ht+AofiCXj7YAH9E446138Q=="],

    "@tscircuit/modelprinter": ["@tscircuit/modelprinter@0.0.20", "", { "dependencies": { "@tscircuit/mm": "^0.0.9" }, "peerDependencies": { "zod": "^3.25.67" } }, "sha512-t6Dld1kbBsBBpngkItLR/CWjj33I5tVgW5986c0+d6TKCIcTHsZtEYFuDKiLUoHf8jHfakUjZ8Vmkh9DuFPTdg=="],

    "@tscircuit/pcb-trace-linter": ["@tscircuit/pcb-trace-linter@github:tscircuit/pcb-trace-linter#4c035f9", { "dependencies": { "@tscircuit/copper-pour-solver": "^0.0.59", "@tscircuit/core": "0.0.1974", "@tscircuit/infer-cable-insertion-point": "^0.0.4", "@tscircuit/miniflex": "^0.0.4", "@tscircuit/schematic-trace-solver": "^0.0.208", "@tscircuit/solver-utils": "^0.0.21", "@tscircuit/soup-util": "^0.0.41", "calculate-elbow": "^0.0.13", "circuit-json": "0.0.501", "connectivity-map": "^1.0.0", "debug": "^4.4.3", "earcut": "^3.2.3", "graphics-debug": "0.0.99", "minicssgrid": "^0.0.9", "spicey": "^0.0.14" } }, "tscircuit-pcb-trace-linter-4c035f9", "sha512-GUrFFDF7kZW7nCloOK5N9DPuvQSLCIIZlXKAA1X5f83ksGXvkR1EX1vGD9877rpXd6Zci6jGbUAzRT59+BfXlQ=="],

    "@tscircuit/props": ["@tscircuit/props@https://pkg.pr.new/@tscircuit/props@9f7a3088217ce32edcfe5f4c19b3163bff08e395", { "peerDependencies": { "circuit-json": "*", "react": "*", "zod": "*" } }, "sha512-Owt58CCr7JoOe/isiJlahN38ST8Ng1zBaL2I6hG8XP/pTvmHT8LSbxf/UkFmTZX0nc9xuqp+IMvmdcasEfM4rA=="],

    "@tscircuit/schematic-match-adapt": ["@tscircuit/schematic-match-adapt@0.0.22", "", { "peerDependencies": { "typescript": "^5" } }, "sha512-37R3qEY0BRiG1VeqHYzbl53H+cVT8VWLjTwrxkP0cuV7+V+T3HG29B4Y9XtcyoQCkVe2ZcvWd9qMCBqrHRFVjg=="],

    "@tscircuit/schematic-trace-solver": ["@tscircuit/schematic-trace-solver@0.0.208", "", { "peerDependencies": { "typescript": "^5" } }, "sha512-QKAUIqctxywzu+oyFXsKDFvO2ulDBMrUJWhkVFk6CJMOFHv7w4dgzTnFNGB8GhvYN43or3tLdC4cCQ+TMliGag=="],

    "@tscircuit/solver-utils": ["@tscircuit/solver-utils@0.0.19", "", { "peerDependencies": { "graphics-debug": "*", "typescript": "^5" } }, "sha512-UPUVgRRIrylSMJfKw7QwhSCvlODD+uAAwXc9jpOG06ipqteeeLRkj/HtHns31KQfLjRCSsGTvxMYBjmhaDDLGg=="],

    "@tscircuit/soup-util": ["@tscircuit/soup-util@0.0.41", "", { "dependencies": { "parsel-js": "^1.1.2" }, "peerDependencies": { "circuit-json": "*", "transformation-matrix": "*", "zod": "*" } }, "sha512-47JKWBUKkRVHhad0HhBbdOJxB6v/eiac46beiKRBMlJqiZ1gPGI276v9iZfpF7c4hXR69cURcgiwuA5vowrFEg=="],

    "@types/bun": ["@types/bun@1.3.14", "", { "dependencies": { "bun-types": "1.3.14" } }, "sha512-h1hFqFVcvAvD9j9K7ZW7vd82aSA+rTdznZa+5bwvCwqSB1jmmfLcbIWhOLx1/+boy/xmjgCs/OMUL8hRJSmnPw=="],

    "@types/history": ["@types/history@4.7.11", "", {}, "sha512-qjDJRrmvBMiTx+jyLxvLfJU7UznFuokDv4f3WRuriHKERccVpFU+8XMQUAbDzoiJCsmexxRExQeMwwCdamSKDA=="],

    "@types/node": ["@types/node@22.20.5", "", { "dependencies": { "undici-types": "~6.21.0" } }, "sha512-U2+DNr+wSjpsTS/wZGYHq7GcwfuSmKiKvoPvK22zwTlRhU91yOniN4qRR5KhIjvif7ysw/dz/hKmfDH0Ris4aA=="],

    "@types/react": ["@types/react@19.1.8", "", { "dependencies": { "csstype": "^3.0.2" } }, "sha512-AwAfQ2Wa5bCx9WP8nZL2uMZWod7J7/JSplxbTmBQ5ms6QpqNYm672H0Vu9ZVKVngQ+ii4R/byguVEUZQyeg44g=="],

    "@types/react-router": ["@types/react-router@5.1.20", "", { "dependencies": { "@types/history": "^4.7.11", "@types/react": "*" } }, "sha512-jGjmu/ZqS7FjSH6owMcD5qpq19+1RS9DeVRqfl1FeBMxTDQAGwlMWOcs52NDoXaNKyG3d1cYQFMs9rCrb88o9Q=="],

    "@types/react-router-dom": ["@types/react-router-dom@5.3.3", "", { "dependencies": { "@types/history": "^4.7.11", "@types/react": "*", "@types/react-router": "*" } }, "sha512-kpqnYK4wcdm5UaWI3fLcELopqLrHgLqNsdpHauzlQktfkHL3npOSwtj1Uz9oKBAzs7lFtVkV8j83voAz2D8fhw=="],

    "boolbase": ["boolbase@1.0.0", "", {}, "sha512-JZOSA7Mo9sNGB8+UjSgzdLtokWAky1zbztM3WRLCbZ70/3cTANmQmOdR7y2g+J0e2WXywy1yS468tY+IruqEww=="],

    "bpc-graph": ["bpc-graph@0.0.67", "", { "peerDependencies": { "typescript": "^5" } }, "sha512-Cv68CKLqeNvvJfVPABLmf66mIHgOi/t8W4UrRspEIObxUamFiUbrWfb1CDd7s3tx7XbxvzpiGKvN2UupBOLQcg=="],

    "bun-types": ["bun-types@1.3.14", "", { "dependencies": { "@types/node": "*" } }, "sha512-4N0ig0fEomHt5R0KCFWjovxow98rIoRwKolrYdCcknNwMekCXRnWEUvgu5soYV8QXtVsrUD8B95MBOZGPvr6KQ=="],

    "calculate-cell-boundaries": ["calculate-cell-boundaries@0.0.25", "", { "dependencies": { "@tscircuit/solver-utils": "^0.0.19", "lucide-react": "^1.17.0", "react": "^18.3.1", "react-dom": "^18.3.1" }, "peerDependencies": { "typescript": "^5" } }, "sha512-YV23lg4fNSDFLJ+ZTgUY6ofemoSwr8nhpH/KRAEqrg+OP0EHyKr9Rq9ExZeQszp575VpsONnBLjGKVLe6P7ybg=="],

    "calculate-elbow": ["calculate-elbow@0.0.12", "", { "peerDependencies": { "typescript": "^5" } }, "sha512-UkGS4EhabJn1WR6+UyoWpcxhKMx6MxM7+rK+3G0JcaPLMiYlvv5pEuc91unC/nH7kLGHV9xsVavhr5jJ50o+HA=="],

    "calculate-packing": ["calculate-packing@0.0.90", "", { "peerDependencies": { "@tscircuit/circuit-json-util": "*", "typescript": "^5" } }, "sha512-DcmNPrTrUtrDyGVGD6EBN/WnR9/Eln21OnXC58bGnWS/3LCu4jjV68AW0BUVIJ8El6SUUkBbhJ4jEPvzGmg6Jg=="],

    "circuit-json": ["circuit-json@https://pkg.pr.new/circuit-json@6c41978a11b31fa91dafa57b613d505b65c2b1f8", { "dependencies": { "zod": "3" }, "peerDependencies": { "format-si-unit": "*" } }, "sha512-82qN7jEDDw5X7CLVzhGsFBOGdhBX7S7QX738La1CV+B6uTrVaY76NfcCfqoswpUheJEI/zjBBOXHOJttu1lgdQ=="],

    "circuit-json-to-bpc": ["circuit-json-to-bpc@0.0.14", "", { "peerDependencies": { "bpc-graph": "*", "circuit-json": "*", "typescript": "^5" } }, "sha512-jcgWTgkFepJzSbX8LOk+ZcuZFLVun7EVslfRF1LnZK5pPFWhfSMWE+PJUTDBGIikgs3mYZ4IIZSkjpmMfXvFhA=="],

    "circuit-json-to-connectivity-map": ["circuit-json-to-connectivity-map@0.0.33", "", { "dependencies": { "@tscircuit/math-utils": "^0.0.9" }, "peerDependencies": { "typescript": "^5.9.3" } }, "sha512-SltOv/z75I1iulu4egIVeLst6CHQL/dmllBMIBNaDejNKQscomUpvNjnPaGd3GruyOKnP4DqRvPPVHHrMh6IXw=="],

    "circuit-json-to-spice": ["circuit-json-to-spice@0.0.46", "", { "dependencies": { "circuit-json-to-connectivity-map": "^0.0.22" }, "peerDependencies": { "@tscircuit/circuit-json-util": "*", "circuit-json": "*", "spicets": "*", "typescript": "^5.0.0" } }, "sha512-C5HkbAWq/UJS2es+J1VUmGcmweKLZfIfp0Q3ZYeBm5sPBDb1JD1abJN0BBo+scQSw4u9RFC/7/PEv+UljHjZLg=="],

    "circuit-to-svg": ["circuit-to-svg@https://pkg.pr.new/circuit-to-svg@62c2d7573d8478ba5b3f14da144e94bfb9432390", { "dependencies": { "@types/node": "^22.5.5", "bun-types": "^1.1.40", "calculate-elbow": "0.0.12", "circuit-json": "https://pkg.pr.new/circuit-json@6c41978", "color": "^5.0.3", "debug": "^4.4.3", "simulate-pcb-noise": "https://pkg.pr.new/tscircuit/simulate-pcb-noise@1c6b322fb548b78116fb60e19d887ad7399774f7", "svg-path-commander": "^2.1.11", "svgson": "^5.3.1", "transformation-matrix": "^2.16.1" }, "peerDependencies": { "@tscircuit/alphabet": "*", "@tscircuit/circuit-json-util": "*", "circuit-json-to-connectivity-map": "*", "schematic-symbols": "*" } }, "sha512-7TAEfRi5F43DDU7LGFAETM8+dCEMbhW0f4we87CQG+mDZ2H+A+mK6iFCwsQB1VgDhfFM+TXbTucdsUJoQokv/g=="],

    "color": ["color@5.0.3", "", { "dependencies": { "color-convert": "^3.1.3", "color-string": "^2.1.3" } }, "sha512-ezmVcLR3xAVp8kYOm4GS45ZLLgIE6SPAFoduLr6hTDajwb3KZ2F46gulK3XpcwRFb5KKGCSezCBAY4Dw4HsyXA=="],

    "color-convert": ["color-convert@3.1.3", "", { "dependencies": { "color-name": "^2.0.0" } }, "sha512-fasDH2ont2GqF5HpyO4w0+BcewlhHEZOFn9c1ckZdHpJ56Qb7MHhH/IcJZbBGgvdtwdwNbLvxiBEdg336iA9Sg=="],

    "color-diff": ["color-diff@1.4.0", "", {}, "sha512-4oDB/o78lNdppbaqrg0HjOp7pHmUc+dfCxWKWFnQg6AB/1dkjtBDop3RZht5386cq9xBUDRvDvSCA7WUlM9Jqw=="],

    "color-name": ["color-name@2.1.1", "", {}, "sha512-p2FdgwVx1a9yWBHP2wI0VgShkDpgN4kZISkxdNipGBJWpa5G6b04OINlVWCyJj0JmfvcPrgqt95E9k8yvaOJFg=="],

    "color-string": ["color-string@2.1.4", "", { "dependencies": { "color-name": "^2.0.0" } }, "sha512-Bb6Cq8oq0IjDOe8wJmi4JeNn763Xs9cfrBcaylK1tPypWzyoy2G3l90v9k64kjphl/ZJjPIShFztenRomi8WTg=="],

    "connectivity-map": ["connectivity-map@1.0.1", "", { "peerDependencies": { "typescript": "^5" } }, "sha512-p4TD4h5cHzDJGw9pCwMN+7k8dALdg96vXxXVJziSqnXpETLnhUrWPNqWn0RBbqpqGkrM7Jk8uVw2Un1BQZUIAQ=="],

    "css-select": ["css-select@5.1.0", "", { "dependencies": { "boolbase": "^1.0.0", "css-what": "^6.1.0", "domhandler": "^5.0.2", "domutils": "^3.0.1", "nth-check": "^2.0.1" } }, "sha512-nwoRF1rvRRnnCqqY7updORDsuqKzqYJ28+oSMaJMMgOauh3fvwHqMS7EZpIPqK8GL+g9mKxF1vP/ZjSeNjEVHg=="],

    "css-what": ["css-what@6.2.2", "", {}, "sha512-u/O3vwbptzhMs3L1fQE82ZSLHQQfto5gyZzwteVIEyeaY5Fc7R4dapF/BvRoSYFeqfBk4m0V1Vafq5Pjv25wvA=="],

    "csstype": ["csstype@3.2.3", "", {}, "sha512-z1HGKcYy2xA8AGQfwrn0PAy+PB7X/GSj3UVJW9qKyn43xWa+gl5nXmU4qqLMRzWVLFC8KusUX8T/0kCiOYpAIQ=="],

    "debug": ["debug@4.4.3", "", { "dependencies": { "ms": "^2.1.3" }, "peerDependencies": { "supports-color": "*" }, "optionalPeers": ["supports-color"] }, "sha512-RGwwWnwQvkVfavKVt22FGLw+xYSdzARwm0ru6DhTVA3umU5hZc28V3kO4stgYryrTlLpuvgI9GiijltAjNbcqA=="],

    "deep-rename-keys": ["deep-rename-keys@0.2.1", "", { "dependencies": { "kind-of": "^3.0.2", "rename-keys": "^1.1.2" } }, "sha512-RHd9ABw4Fvk+gYDWqwOftG849x0bYOySl/RgX0tLI9i27ZIeSO91mLZJEp7oPHOMFqHvpgu21YptmDt0FYD/0A=="],

    "dom-serializer": ["dom-serializer@2.0.0", "", { "dependencies": { "domelementtype": "^2.3.0", "domhandler": "^5.0.2", "entities": "^4.2.0" } }, "sha512-wIkAryiqt/nV5EQKqQpo3SToSOV9J0DnbJqwK7Wv/Trc92zIAYZ4FlMu+JPFW1DfGFt81ZTCGgDEabffXeLyJg=="],

    "domelementtype": ["domelementtype@2.3.0", "", {}, "sha512-OLETBj6w0OsagBwdXnPdN0cnMfF9opN69co+7ZrbfPGrdpPVNBUj02spi6B1N7wChLQiPn4CSH/zJvXw56gmHw=="],

    "domhandler": ["domhandler@5.0.3", "", { "dependencies": { "domelementtype": "^2.3.0" } }, "sha512-cgwlv/1iFQiFnU96XXgROh8xTeetsnJiDsTc7TYCLFd9+/WNkIqPTxiM/8pSd8VIrhXGTf1Ny1q1hquVqDJB5w=="],

    "domutils": ["domutils@3.2.2", "", { "dependencies": { "dom-serializer": "^2.0.0", "domelementtype": "^2.3.0", "domhandler": "^5.0.3" } }, "sha512-6kZKyUajlDuqlHKVX1w7gyslj9MPIXzIFiz/rGu35uC1wMi+kMhQwGhl4lt9unC9Vb9INnY9Z3/ZA3+FhASLaw=="],

    "earcut": ["earcut@3.2.4", "", {}, "sha512-FHc6yNpnTORB0tM5kmZ03iD2mDuNakDE2lvf4Hw1XkfxtEHIGVi01B/GqUSwx+NcC1WGjidAfpTXzeALtPtfpg=="],

    "entities": ["entities@4.5.0", "", {}, "sha512-V0hjH4dGPh9Ao5p0MoRY6BVqtwCjhz6vI5LT8AJ55H+4g9/4vbHx1I54fS0XuclLhDHArPQCiMjDxjaL8fPxhw=="],

    "eventemitter3": ["eventemitter3@2.0.3", "", {}, "sha512-jLN68Dx5kyFHaePoXWPsCGW5qdyZQtLYHkxkg02/Mz6g0kYpDx4FyP6XfArhQdlOC4b8Mv+EMxPo/8La7Tzghg=="],

    "fast-json-stable-stringify": ["fast-json-stable-stringify@2.1.0", "", {}, "sha512-lhd/wF+Lk98HZoTCtlVraHtfh5XYijIjalXck7saUtuanSDyLMxnHhSXEDJqHxD7msR8D0uCmqlkwjCV8xvwHw=="],

    "fast-png": ["fast-png@8.0.0", "", { "dependencies": { "fflate": "^0.8.2", "iobuffer": "^6.0.1" } }, "sha512-gCysNasJ8KEMgfdYIKd/wTDo6ENK1PWT0RJO7O+0pgmuHPw2O6tA1WvdxFRJoLf9V8yFYpG0FA1YgI8X97OhJA=="],

    "fflate": ["fflate@0.8.3", "", {}, "sha512-tbZNuJrLwGUp3zshBtdy4W+ORxZuIh8a5ilyIEQDC5rY1f3U20JMry0Ll3WBzU58EZKsEuJFXhb5gwv8CsPvgA=="],

    "flatbush": ["flatbush@4.6.2", "", { "dependencies": { "flatqueue": "^3.1.0" } }, "sha512-nNT7MFJ58Q4IAm3aYsEg+zgZGpdRcmR1i4U+aa8c+r91jmYZg7FTQwNnIMC0FyBqVZTbClKdAnrJkKkfp1BOvw=="],

    "flatqueue": ["flatqueue@3.1.0", "", {}, "sha512-Ia4qIYrrsEqIRx3c3XhkT+QDLQuUV5ovsr6ah1rIgKT5wclhoGK3lAMS1bWRAWxlx7wtlTBpV7QXB5d9fOSRxA=="],

    "format-si-unit": ["format-si-unit@0.0.12", "", { "peerDependencies": { "typescript": "^5.0.0" } }, "sha512-HeYwGhbKefmyyVmZrlp1S/RlnEOAoHkncQreW1RTvSmDSZ3BFHfDlIg2OOnDFyr/7n5bs//YXvUHzRhoVuPYgA=="],

    "gl-matrix": ["gl-matrix@3.4.4", "", {}, "sha512-latSnyDNt/8zYUB6VIJ6PCh2jBjJX6gnDsoCZ7LyW7GkqrD51EWwa9qCoGixj8YqBtETQK/xY7OmpTF8xz1DdQ=="],

    "graphics-debug": ["graphics-debug@0.0.99", "", { "dependencies": { "@react-hook/resize-observer": "^2.0.2", "@tscircuit/alphabet": "^0.0.25", "@types/react-router-dom": "^5.3.3", "fast-png": "^8.0.0", "polished": "^4.3.1", "react-router-dom": "^6.28.0", "react-supergrid": "^1.0.10", "svgson": "^5.3.1", "transformation-matrix": "^3.0.0", "use-mouse-matrix-transform": "^1.3.0" }, "peerDependencies": { "@resvg/resvg-js": "*", "@tscircuit/image-utils": "*", "typescript": "^5.0.0" }, "bin": { "gd": "dist/cli/cli.js", "graphics-debug": "dist/cli/cli.js" } }, "sha512-qXqfb95WY2E2EPKVqxkqr0nk6DyewgShcVTiBNefVX5JZy2wjJRS1WnbX1tpUzqu0lRD0mQvAYr8jDWqSluamA=="],

    "iobuffer": ["iobuffer@6.0.1", "", {}, "sha512-SZWYkWNfjIXIBYSDpXDYIgshqtbOPsi4lviawAEceR1Kqk+sHDlcQjWrzNQsii80AyBY0q5c8HCTNjqo74ul+Q=="],

    "is-arrayish": ["is-arrayish@0.3.4", "", {}, "sha512-m6UrgzFVUYawGBh1dUsWR5M2Clqic9RVXC/9f8ceNlv2IcO9j9J/z8UoCLPqtsPBFNzEpfR3xftohbfqDx8EQA=="],

    "is-buffer": ["is-buffer@1.1.6", "", {}, "sha512-NcdALwpXkTm5Zvvbk7owOUSvVvBKDgKP5/ewfXEznmQFfs4ZRmanOeKBTjRVjka3QFoN6XJ+9F3USqfHqTaU5w=="],

    "js-tokens": ["js-tokens@4.0.0", "", {}, "sha512-RdJUflcE3cUzKiMqQgsCu06FPu9UdIJO0beYbPhHN4k6apgJtifcoCtT9bcxOpYBtpD2kCM6Sbzg4CausW/PKQ=="],

    "jscad-fiber": ["jscad-fiber@0.0.88", "", { "dependencies": { "color": "^4.2.3", "jscad-planner": "^0.0.14" }, "peerDependencies": { "@jscad/modeling": "*", "react": "19.1.0", "react-dom": "19.1.0", "react-reconciler": "*", "three": "*" }, "optionalPeers": ["@jscad/modeling", "three"] }, "sha512-CYXAKRu2bn593hT+IZsdjmHqSdxjXH74gtmBi28P0ZJl/Xl0N5os6u27Ls4oTycpcEHKrtOjIAxN76jDApkbUw=="],

    "jscad-planner": ["jscad-planner@0.0.18", "", { "dependencies": { "gl-matrix": "^3.4.4" }, "peerDependencies": { "typescript": "^5.0.0" } }, "sha512-PkVg4kc59/d8mfx22k2S2QPXL6K4xN+Etn6BvK3lCne5yH+jgN9F4JHpucASwPrwFVh/V4KvMVs4oZ8BZUFY8A=="],

    "kind-of": ["kind-of@3.2.2", "", { "dependencies": { "is-buffer": "^1.1.5" } }, "sha512-NOW9QQXMoZGg/oqnVNoNTTIFEIid1627WCffUBJEdMxYApq7mNE7CpzucIPc+ZQg25Phej7IJSmX3hO+oblOtQ=="],

    "loose-envify": ["loose-envify@1.4.0", "", { "dependencies": { "js-tokens": "^3.0.0 || ^4.0.0" }, "bin": { "loose-envify": "cli.js" } }, "sha512-lyuxPGr/Wfhrlem2CL/UcnUc1zcqKAImBDzukY7Y5F/yQiNdko6+fRLevlw1HgMySw7f611UIY408EtxRSoK3Q=="],

    "lucide-react": ["lucide-react@1.54.0", "", { "peerDependencies": { "@types/react": "*", "react": "^16.5.1 || ^17.0.0 || ^18.0.0 || ^19.0.0" }, "optionalPeers": ["@types/react"] }, "sha512-kVmnVCBoLztTGe3S76xu8utwxijRLOinknNq9e8btZ0R2fm6WCgxY+weaLiA50odo/yi+apm/4B2A/LsFZhTrw=="],

    "minicssgrid": ["minicssgrid@0.0.9", "", { "peerDependencies": { "typescript": "^5" } }, "sha512-brXSEhKa4rhPsEseOOjiNOfnAII0H0FfUU008A6rN2qJ3B6z3r4vK5l1BbEiUqeaSko7OK24ssFiiU5cixmG2A=="],

    "ms": ["ms@2.1.3", "", {}, "sha512-6FlzubTLZG3J2a/NVCAleEhjzq5oxgHyaCU9yYXvcLsvoVaHJq/s5xXI6/XXP6tz7R9xAOtHnSO/tXtF3WRTlA=="],

    "nanoid": ["nanoid@5.1.16", "", { "bin": { "nanoid": "bin/nanoid.js" } }, "sha512-kVrnsrJqMR8+oLJnGEmSWw9BivK5mt7H3FZatVRjrc5wGqFYuBxX1yG7+A7Gi5AefkX6t/oCkizcQgpu0cY1dQ=="],

    "nth-check": ["nth-check@2.1.1", "", { "dependencies": { "boolbase": "^1.0.0" } }, "sha512-lqjrjmaOoAnWfMmBPL+XNnynZh2+swxiX3WUE0s4yEHI6m+AwrK2UZOimIRl3X/4QctVqS8AiZjFqyOGrMXb/w=="],

    "object-hash": ["object-hash@3.0.0", "", {}, "sha512-RSn9F68PjH9HqtltsSnqYC1XXoWe9Bju5+213R98cNGttag9q9yAOTzdbsqvIa7aNm5WffBZFpWYr2aWrklWAw=="],

    "parsel-js": ["parsel-js@1.2.3", "", {}, "sha512-kJHFmSNnujpusFfVEXjNaoJ09VYHF8Ih0aVUn7Clu+Ug8AFoA2wx7Ezh17JfW4+vhm/lauAd9A+//uFkmydZtQ=="],

    "performance-now": ["performance-now@2.1.0", "", {}, "sha512-7EAHlyLHI56VEIdK57uwHdHKIaAGbnXPiw0yWbarQZOKaKpvUIgW0jWRVLiatnM+XXlSwsanIBH/hzGMJulMow=="],

    "polished": ["polished@4.3.1", "", { "dependencies": { "@babel/runtime": "^7.17.8" } }, "sha512-OBatVyC/N7SCW/FaDHrSd+vn0o5cS855TOmYi4OkdWUMSJCET/xip//ch8xGUvtr3i44X9LVyWwQlRMTN3pwSA=="],

    "react": ["react@19.1.0", "", {}, "sha512-FS+XFBNvn3GTAWq26joslQgWNoFu08F4kl0J4CgdNKADkdSGXQyTCnKteIAJy96Br6YbpEU1LSzV5dYtjMkMDg=="],

    "react-dom": ["react-dom@18.3.1", "", { "dependencies": { "loose-envify": "^1.1.0", "scheduler": "^0.23.2" }, "peerDependencies": { "react": "^18.3.1" } }, "sha512-5m4nQKp+rZRb09LNH59GM4BxTh9251/ylbKIbpe7TpGxfJ+9kv6BLkLBXIjjspbgbnIBNqlI23tRnTWT0snUIw=="],

    "react-reconciler": ["react-reconciler@0.32.0", "", { "dependencies": { "scheduler": "^0.26.0" }, "peerDependencies": { "react": "^19.1.0" } }, "sha512-2NPMOzgTlG0ZWdIf3qG+dcbLSoAc/uLfOwckc3ofy5sSK0pLJqnQLpUFxvGcN2rlXSjnVtGeeFLNimCQEj5gOQ=="],

    "react-router": ["react-router@6.30.6", "", { "dependencies": { "@remix-run/router": "1.23.4" }, "peerDependencies": { "react": ">=16.8" } }, "sha512-5HfK7k5im7LTOB0EqCQmfvy4C13G92Ssj1VTmouTK3AJvyjKTnFuCV0vcMAD/JS+JC4DvDIBRrlAeJIFjh5VWg=="],

    "react-router-dom": ["react-router-dom@6.30.6", "", { "dependencies": { "@remix-run/router": "1.23.4", "react-router": "6.30.6" }, "peerDependencies": { "react": ">=16.8", "react-dom": ">=16.8" } }, "sha512-0RHKZz7wwffvkU+2MFVT2NnjK44ssLEV+m0CAJaS2Ksmorrwj7WxH00jO0SOCW26/tINUnJHToXblDs33I38YQ=="],

    "react-supergrid": ["react-supergrid@1.0.10", "", { "peerDependencies": { "react": "*", "react-dom": "*", "transformation-matrix": "*" } }, "sha512-dJd9wkH6BJkdfkv62EcRAIBn59e2wj58bJFVXiW/ZHQzxz20qIql63fTU2qFMOujXnBIDaMG0uTod67/mjEGeA=="],

    "rename-keys": ["rename-keys@1.2.0", "", {}, "sha512-U7XpAktpbSgHTRSNRrjKSrjYkZKuhUukfoBlXWXUExCAqhzh1TU3BDRAfJmarcl5voKS+pbKU9MvyLWKZ4UEEg=="],

    "scheduler": ["scheduler@0.26.0", "", {}, "sha512-NlHwttCI/l5gCPR3D1nNXtWABUmBwvZpEQiD4IXSbIDq8BzLIK/7Ir5gTFSGZDUu37K5cMNp0hFtzO38sC7gWA=="],

    "schematic-symbols": ["schematic-symbols@0.0.248", "", { "peerDependencies": { "typescript": "^5.5.4" } }, "sha512-d1tklb5//Cb0hUoLXPM176lpKK/8JEKhihHLO3qLLNJNfpHfJ/6wshzXMRIkM1OZ0AGaLqHTR01VPQ4TOl5JBg=="],

    "simple-swizzle": ["simple-swizzle@0.2.4", "", { "dependencies": { "is-arrayish": "^0.3.1" } }, "sha512-nAu1WFPQSMNr2Zn9PGSZK9AGn4t/y97lEm+MXTtUDwfP0ksAIX4nO+6ruD9Jwut4C49SB1Ws+fbXsm/yScWOHw=="],

    "simulate-pcb-noise": ["simulate-pcb-noise@https://pkg.pr.new/tscircuit/simulate-pcb-noise@1c6b322fb548b78116fb60e19d887ad7399774f7", { "dependencies": { "circuit-json": "https://pkg.pr.new/circuit-json@6c41978" }, "bin": { "simulate-pcb-noise": "./dist/cli.js" } }, "sha512-lB8/I2SLVSBy+hLH0+vw3Ja0dHdNhgqWoAEjKaz2+jUi9HUvCvOSW+8q5XirbjtyZJfK2fgAd2Tf5k1EvxGYGA=="],

    "spicets": ["spicets@0.0.5", "", { "peerDependencies": { "typescript": "^5" } }, "sha512-P/6RtLNbVByYRVUVPKNr62WpyUGXhhFtNswSX21MOCHTSUTLSZtwqOg1PZprkUe69NroIQcbDVHLOULlLaYTMg=="],

    "spicey": ["spicey@0.0.14", "", { "peerDependencies": { "typescript": "^5" } }, "sha512-iktSN1BteKEpou3158v25fxGJsNZ4MFeBVV0bZFZ5UZ5NnqusVxVQ1ZrPnCO+2FCmTIBqTD66n0GKMxF6+N/xg=="],

    "stack-svgs": ["stack-svgs@0.0.1", "", { "peerDependencies": { "typescript": "^5" } }, "sha512-qcqBlwd5DZdXB+jEc+JUoh3o5zVYfjLrrgtwn7GCvjnoEGaXMPjWQnRotkDNh+uhpXVO7ssNln/JbNnLtIFNQw=="],

    "svg-path-commander": ["svg-path-commander@2.3.3", "", { "dependencies": { "@thednp/dommatrix": "^3.1.2" } }, "sha512-eeNMlh4JHxAG0820MwHM7A4UD3PRMFALNORZbEwCJx5O1Uhn2CWnLBNxHXWGdahiJVtSsG8VKoW+HzLtY73J/A=="],

    "svgson": ["svgson@5.3.1", "", { "dependencies": { "deep-rename-keys": "^0.2.1", "xml-reader": "2.4.3" } }, "sha512-qdPgvUNWb40gWktBJnbJRelWcPzkLed/ShhnRsjbayXz8OtdPOzbil9jtiZdrYvSDumAz/VNQr6JaNfPx/gvPA=="],

    "transformation-matrix": ["transformation-matrix@2.16.1", "", {}, "sha512-tdtC3wxVEuzU7X/ydL131Q3JU5cPMEn37oqVLITjRDSDsnSHVFzW2JiCLfZLIQEgWzZHdSy3J6bZzvKEN24jGA=="],

    "tslib": ["tslib@2.8.1", "", {}, "sha512-oJFu94HQb+KVduSUQL7wnpmqnfmLsOA/nAh6b6EH0wCEoK0/mPeXU6c3wKDV83MkOuHPRHtSXKKU99IBazS/2w=="],

    "typescript": ["typescript@5.9.3", "", { "bin": { "tsc": "bin/tsc", "tsserver": "bin/tsserver" } }, "sha512-jl1vZzPDinLr9eUt3J/t7V6FgNEw9QjvBPdysz9KfQDD41fQrC2Y4vKQdiaUpFT4bXlb1RHhLpp8wtm6M5TgSw=="],

    "undici-types": ["undici-types@6.21.0", "", {}, "sha512-iwDZqg0QAGrg9Rav5H4n0M64c3mkR59cJ6wQp+7C4nI0gsmExaedaYLNO44eT4AtBBwjbTiGPMlt2Md0T9H9JQ=="],

    "use-mouse-matrix-transform": ["use-mouse-matrix-transform@1.3.5", "", { "dependencies": { "transformation-matrix": "^3.0.0" }, "peerDependencies": { "react": "^18.2.0" } }, "sha512-Ng938MFw/1kmxqQYORBIzC50KAekVLLtY3aepGbrzHehoNvbE75afOo3APxGk+kR3cVKKc3H8fW6vjbNY5J5tw=="],

    "xml-lexer": ["xml-lexer@0.2.2", "", { "dependencies": { "eventemitter3": "^2.0.0" } }, "sha512-G0i98epIwiUEiKmMcavmVdhtymW+pCAohMRgybyIME9ygfVu8QheIi+YoQh3ngiThsT0SQzJT4R0sKDEv8Ou0w=="],

    "xml-reader": ["xml-reader@2.4.3", "", { "dependencies": { "eventemitter3": "^2.0.0", "xml-lexer": "^0.2.2" } }, "sha512-xWldrIxjeAMAu6+HSf9t50ot1uL5M+BtOidRCWHXIeewvSeIpscWCsp4Zxjk8kHHhdqFBrfK8U0EJeCcnyQ/gA=="],

    "zod": ["zod@3.25.76", "", {}, "sha512-gzUt/qt81nXsFGKIFcC3YnfEAx5NkunCfnDlvuBSSFS02bcXu4Lmea0AFIUwbLWxWPx3d9p8S5QoaujKcNQxcQ=="],

    "@tscircuit/create-fdm-enclosure/jscad-planner": ["jscad-planner@0.0.14", "", { "peerDependencies": { "typescript": "^5.0.0" } }, "sha512-HrS5C1iTrmIZDlvNk065vg36qjIHyeiil60MyW7wccNGaGJSy2SYgWqPNvLU58tUTTTKWECWgd1Wzah80z4Z3A=="],

    "@tscircuit/modelprinter/@tscircuit/mm": ["@tscircuit/mm@0.0.9", "", { "peerDependencies": { "typescript": "^5.0.0" } }, "sha512-hkvVwVEuKMsM8ac3cbDyYUHu1WWdz6LooeLg/N+CLYwFrMrY7OBbXXEPm1PWczg8ytu0MObqzkcM70/LCJhF6A=="],

    "@tscircuit/pcb-trace-linter/@tscircuit/core": ["@tscircuit/core@0.0.1974", "", { "dependencies": { "@flatten-js/core": "^1.6.2", "@lume/kiwi": "^0.4.3", "calculate-cell-boundaries": "^0.0.21", "calculate-packing": "^0.0.89", "css-select": "5.1.0", "format-si-unit": "^0.0.12", "nanoid": "^5.0.7", "performance-now": "^2.1.0", "react-reconciler": "^0.32.0", "svg-path-commander": "^2.1.11", "transformation-matrix": "^2.16.1", "zod": "^3.25.67" }, "peerDependencies": { "@tscircuit/capacity-autorouter": "*", "@tscircuit/checks": "*", "@tscircuit/circuit-json-util": "*", "@tscircuit/create-fdm-enclosure": "*", "@tscircuit/footprinter": "*", "@tscircuit/infgrid-ijump-astar": "*", "@tscircuit/matchpack": "*", "@tscircuit/math-utils": "*", "@tscircuit/props": "*", "@tscircuit/schematic-match-adapt": "*", "bpc-graph": "*", "circuit-json": "*", "circuit-json-to-bpc": "*", "circuit-json-to-connectivity-map": "*", "circuit-json-to-spice": "*", "schematic-symbols": "*", "spicets": "*", "typescript": "^5.0.0" } }, "sha512-a27+idc0d9m8qXXUfLP+TGcPQsRFrnc0pxbRBEqN3Um5pu3TFHk86Y62uabShPILxQ3wnpbfTOHxCumXfWA5KQ=="],

    "@tscircuit/pcb-trace-linter/@tscircuit/solver-utils": ["@tscircuit/solver-utils@0.0.21", "", { "peerDependencies": { "graphics-debug": "*", "typescript": "^5" } }, "sha512-Ez6eAYLZ/Nfj1aMW2AJA6RUJkuBRRaiLEOzxJ0nD4PYUoeWqIjASGc6uZ2tjyWLXkHXg8hnC/CfNnQsNRvogxw=="],

    "@tscircuit/pcb-trace-linter/calculate-elbow": ["calculate-elbow@0.0.13", "", { "peerDependencies": { "typescript": "^5" } }, "sha512-MvzpCMHR4f7U0K2epJomBhBKWFJB5+WNoGPo2qP4N3hGbT19eZxWIRyYEopySC7i51j/RYm6THtMLb+Zxz19fA=="],

    "bun-types/@types/node": ["@types/node@26.6.4", "", { "dependencies": { "undici-types": "~8.9.0" } }, "sha512-ldVPDCzj7fsaGZrLB0NuHuTvJcsNasysBAqMolr/cgxrLd1xbqxIr3XJiPnHHJUCxj5sNF1vnRj9aWnrVh5Jcg=="],

    "calculate-cell-boundaries/react": ["react@18.3.1", "", { "dependencies": { "loose-envify": "^1.1.0" } }, "sha512-wS+hAgJShR0KhEvPJArfuPVN1+Hz1t0Y6n5jLrGQbkb4urgPE/0Rve+1kMB1v/oWgHgm4WIcV+i7F2pTVj+2iQ=="],

    "circuit-json-to-connectivity-map/@tscircuit/math-utils": ["@tscircuit/math-utils@0.0.9", "", { "peerDependencies": { "typescript": "^5.0.0" } }, "sha512-sPzfXndijet8z29X6f5vnSZddiso2tRg7m6rB+268bVj60mxnxUMD14rKuMlLn6n84fMOpD/X7pRTZUfi6M+Tg=="],

    "circuit-json-to-spice/circuit-json-to-connectivity-map": ["circuit-json-to-connectivity-map@0.0.22", "", { "dependencies": { "@tscircuit/math-utils": "^0.0.9" }, "peerDependencies": { "typescript": "^5.0.0" } }, "sha512-HN8DiISjZZLTglGEkYNRpKeQ/DMG4dDo5j4Hck0UGSJbpux9aFwtJOGszMf06Inh/gu5oKBrpZJIeWxaNacKUg=="],

    "graphics-debug/transformation-matrix": ["transformation-matrix@3.1.0", "", {}, "sha512-oYubRWTi2tYFHAL2J8DLvPIqIYcYZ0fSOi2vmSy042Ho4jBW2ce6VP7QfD44t65WQz6bw5w1Pk22J7lcUpaTKA=="],

    "jscad-fiber/color": ["color@4.2.3", "", { "dependencies": { "color-convert": "^2.0.1", "color-string": "^1.9.0" } }, "sha512-1rXeuUUiGGrykh+CeBdu5Ie7OJwinCgQY0bc7GCRxy5xVHy+moaqkpL/jqQq0MtQOeYcrqEz4abc5f0KtU7W4A=="],

    "jscad-fiber/jscad-planner": ["jscad-planner@0.0.14", "", { "peerDependencies": { "typescript": "^5.0.0" } }, "sha512-HrS5C1iTrmIZDlvNk065vg36qjIHyeiil60MyW7wccNGaGJSy2SYgWqPNvLU58tUTTTKWECWgd1Wzah80z4Z3A=="],

    "react-dom/scheduler": ["scheduler@0.23.2", "", { "dependencies": { "loose-envify": "^1.1.0" } }, "sha512-UOShsPwz7NrMUqhR6t0hWjFduvOzbtv7toDH1/hIrfRNIDBnnBWd0CwJTGvTpngVlmwGCdP9/Zl/tVrDqcuYzQ=="],

    "use-mouse-matrix-transform/transformation-matrix": ["transformation-matrix@3.1.0", "", {}, "sha512-oYubRWTi2tYFHAL2J8DLvPIqIYcYZ0fSOi2vmSy042Ho4jBW2ce6VP7QfD44t65WQz6bw5w1Pk22J7lcUpaTKA=="],

    "@tscircuit/pcb-trace-linter/@tscircuit/core/calculate-cell-boundaries": ["calculate-cell-boundaries@0.0.21", "", { "dependencies": { "@tscircuit/solver-utils": "^0.0.19", "lucide-react": "^1.17.0", "react": "^18.3.1", "react-dom": "^18.3.1" }, "peerDependencies": { "typescript": "^5" } }, "sha512-/D7ND2cl8gyBWp/1bih562JDKeGymSnBQrwhjsSJ32f39c9/Qa4N4zR4lD9zH2Aqy9qYlPWa7ToRJw68HiangA=="],

    "@tscircuit/pcb-trace-linter/@tscircuit/core/calculate-packing": ["calculate-packing@0.0.89", "", { "peerDependencies": { "@tscircuit/circuit-json-util": "*", "typescript": "^5" } }, "sha512-uRGDM9Eb8On2ffmmNSUHqzSiTQzODkcSDofZM8dCbEcnRV8rSJLE3ImUxgWx10fgRKPloC1CVtBiIBdscp0orQ=="],

    "bun-types/@types/node/undici-types": ["undici-types@8.9.0", "", {}, "sha512-KTDyRTYX8sWmKXAikPHHSyc63CRPETMctyjKFupcC6OBLXT3xsN0e9aF7m+mIXutFWpUXuedtowG7iLOzp0kQg=="],

    "circuit-json-to-spice/circuit-json-to-connectivity-map/@tscircuit/math-utils": ["@tscircuit/math-utils@0.0.9", "", { "peerDependencies": { "typescript": "^5.0.0" } }, "sha512-sPzfXndijet8z29X6f5vnSZddiso2tRg7m6rB+268bVj60mxnxUMD14rKuMlLn6n84fMOpD/X7pRTZUfi6M+Tg=="],

    "jscad-fiber/color/color-convert": ["color-convert@2.0.1", "", { "dependencies": { "color-name": "~1.1.4" } }, "sha512-RRECPsj7iu/xb5oKYcsFHSppFNnsj/52OVTRKb4zP5onXwVF3zVmmToNcOfGC+CRDpfK/U584fMg38ZHCaElKQ=="],

    "jscad-fiber/color/color-string": ["color-string@1.9.1", "", { "dependencies": { "color-name": "^1.0.0", "simple-swizzle": "^0.2.2" } }, "sha512-shrVawQFojnZv6xM40anx4CkoDP+fZsw/ZerEMsW/pyzsRbElpsL/DBVW7q3ExxwusdNXI3lXpuhEZkzs8p5Eg=="],

    "@tscircuit/pcb-trace-linter/@tscircuit/core/calculate-cell-boundaries/@tscircuit/solver-utils": ["@tscircuit/solver-utils@0.0.19", "", { "peerDependencies": { "graphics-debug": "*", "typescript": "^5" } }, "sha512-UPUVgRRIrylSMJfKw7QwhSCvlODD+uAAwXc9jpOG06ipqteeeLRkj/HtHns31KQfLjRCSsGTvxMYBjmhaDDLGg=="],

    "@tscircuit/pcb-trace-linter/@tscircuit/core/calculate-cell-boundaries/react": ["react@18.3.1", "", { "dependencies": { "loose-envify": "^1.1.0" } }, "sha512-wS+hAgJShR0KhEvPJArfuPVN1+Hz1t0Y6n5jLrGQbkb4urgPE/0Rve+1kMB1v/oWgHgm4WIcV+i7F2pTVj+2iQ=="],

    "jscad-fiber/color/color-convert/color-name": ["color-name@1.1.4", "", {}, "sha512-dOy+3AuW3a2wNbZHIuMZpTcgjGuLU/uBL/ubcZF9OXbDo8ff4O8yVp5Bf0efS8uEoYo5q4Fx7dY9OgQGXgAsQA=="],

    "jscad-fiber/color/color-string/color-name": ["color-name@1.1.4", "", {}, "sha512-dOy+3AuW3a2wNbZHIuMZpTcgjGuLU/uBL/ubcZF9OXbDo8ff4O8yVp5Bf0efS8uEoYo5q4Fx7dY9OgQGXgAsQA=="],
  }
}
